
Microsoft Visual Studio Solution File, Format Version 12.00
# Visual Studio Version 17
VisualStudioVersion = 17.4.33110.190
MinimumVisualStudioVersion = 10.0.40219.1
Project("{9A19103F-16F7-4668-BE54-9A1E7A4F7556}") = "HumanResourceAPI", "HumanResourceAPI\HumanResourceAPI.csproj", "{F2C6C9BF-05DA-417D-A0ED-2A3C09E56973}"
EndProject
Project("{FAE04EC0-301F-11D3-BF4B-00C04F79EFBC}") = "HumanResourceClient", "HumanResourceClient\HumanResourceClient.csproj", "{193FF261-ADA1-4619-BE7D-7EB08299657B}"
EndProject
Global
	GlobalSection(SolutionConfigurationPlatforms) = preSolution
		Debug|Any CPU = Debug|Any CPU
		Release|Any CPU = Release|Any CPU
	EndGlobalSection
	GlobalSection(ProjectConfigurationPlatforms) = postSolution
		{F2C6C9BF-05DA-417D-A0ED-2A3C09E56973}.Debug|Any CPU.ActiveCfg = Debug|Any CPU
		{F2C6C9BF-05DA-417D-A0ED-2A3C09E56973}.Debug|Any CPU.Build.0 = Debug|Any CPU
		{F2C6C9BF-05DA-417D-A0ED-2A3C09E56973}.Release|Any CPU.ActiveCfg = Release|Any CPU
		{F2C6C9BF-05DA-417D-A0ED-2A3C09E56973}.Release|Any CPU.Build.0 = Release|Any CPU
		{193FF261-ADA1-4619-BE7D-7EB08299657B}.Debug|Any CPU.ActiveCfg = Debug|Any CPU
		{193FF261-ADA1-4619-BE7D-7EB08299657B}.Debug|Any CPU.Build.0 = Debug|Any CPU
		{193FF261-ADA1-4619-BE7D-7EB08299657B}.Release|Any CPU.ActiveCfg = Release|Any CPU
		{193FF261-ADA1-4619-BE7D-7EB08299657B}.Release|Any CPU.Build.0 = Release|Any CPU
	EndGlobalSection
	GlobalSection(SolutionProperties) = preSolution
		HideSolutionNode = FALSE
	EndGlobalSection
	GlobalSection(ExtensibilityGlobals) = postSolution
		SolutionGuid = {097B298E-39CB-4528-8C3D-E0FFB27193BA}
	EndGlobalSection
EndGlobal
